
Microsoft Visual Studio Solution File, Format Version 12.00
# Visual Studio Version 17
VisualStudioVersion = 17.7.34202.233
MinimumVisualStudioVersion = 10.0.40219.1
Project("{FAE04EC0-301F-11D3-BF4B-00C04F79EFBC}") = "ConsoleApp5", "ConsoleApp5\ConsoleApp5.csproj", "{744FE9CC-1BB2-4DCF-B69E-C7F502171F10}"
EndProject
Global
	GlobalSection(SolutionConfigurationPlatforms) = preSolution
		Debug|Any CPU = Debug|Any CPU
		Release|Any CPU = Release|Any CPU
	EndGlobalSection
	GlobalSection(ProjectConfigurationPlatforms) = postSolution
		{744FE9CC-1BB2-4DCF-B69E-C7F502171F10}.Debug|Any CPU.ActiveCfg = Debug|Any CPU
		{744FE9CC-1BB2-4DCF-B69E-C7F502171F10}.Debug|Any CPU.Build.0 = Debug|Any CPU
		{744FE9CC-1BB2-4DCF-B69E-C7F502171F10}.Release|Any CPU.ActiveCfg = Release|Any CPU
		{744FE9CC-1BB2-4DCF-B69E-C7F502171F10}.Release|Any CPU.Build.0 = Release|Any CPU
	EndGlobalSection
	GlobalSection(SolutionProperties) = preSolution
		HideSolutionNode = FALSE
	EndGlobalSection
	GlobalSection(ExtensibilityGlobals) = postSolution
		SolutionGuid = {2BF51343-FBF7-46D1-B642-BFA154181BE6}
	EndGlobalSection
EndGlobal
